github.com/aorith/svg-timeline v0.0.7 h1:Ek312co9xSp54w0y2a862JZPVJZAs+d3A2HZzmYswpo=
github.com/aorith/svg-timeline v0.0.7/go.mod h1:haohFRiwc0+Po6714AgYlsoeolDqRTNkI+d62k51qjo=
github.com/aorith/svg-timeline v0.0.8 h1:tDjsMY+ITDD6yuAe8TDUlGlUgTmwXJwoMKn9laOykcg=
github.com/aorith/svg-timeline v0.0.8/go.mod h1:haohFRiwc0+Po6714AgYlsoeolDqRTNkI+d62k51qjo=
